<Solution>
  <Folder Name="/src/" />
  <Folder Name="/src/Host/">
    <Project Path="src/Host/Modular.Monolith.API/Modular.Monolith.API.csproj" />
  </Folder>
  <Folder Name="/src/Modules/" />
  <Folder Name="/src/Modules/FiscalManagement/" />
  <Folder Name="/src/Modules/Identity/">
    <Project Path="src/Modules/Identity/Modular.Monolith.Identity.Application/Modular.Monolith.Identity.Application.csproj" />
    <Project Path="src/Modules/Identity/Modular.Monolith.Identity.Domain/Modular.Monolith.Identity.Domain.csproj" />
    <Project Path="src/Modules/Identity/Modular.Monolith.Identity.Infrastructure/Modular.Monolith.Identity.Infrastructure.csproj" />
  </Folder>
  <Folder Name="/src/Modules/Notifications/" />
  <Folder Name="/src/SharedKernel/">
    <Project Path="src/SharedKernel/Modular.Monolith.SharedKernel/Modular.Monolith.SharedKernel.csproj" />
  </Folder>
  <Folder Name="/tests/" />
</Solution>
